
Microsoft Visual Studio Solution File, Format Version 12.00
# Visual Studio 15
VisualStudioVersion = 15.0.26228.9
MinimumVisualStudioVersion = 10.0.40219.1
Project("{FAE04EC0-301F-11D3-BF4B-00C04F79EFBC}") = "CradleHunter.Core", "src\CradleHunter.Core\CradleHunter.Core.csproj", "{4872F7F6-7BDA-447C-8CAC-4769C277DF93}"
EndProject
Project("{2150E333-8FDC-42A3-9474-1A3956D46DE8}") = "src", "src", "{ADEFB71D-E785-416B-A4C5-68386D587CE5}"
EndProject
Project("{2150E333-8FDC-42A3-9474-1A3956D46DE8}") = "test", "test", "{7D2FB20F-6559-45ED-BC0D-15364C378292}"
EndProject
Project("{FAE04EC0-301F-11D3-BF4B-00C04F79EFBC}") = "CradleHunter.Spider", "src\CradleHunter.Spider\CradleHunter.Spider.csproj", "{CEE2FD8E-F18A-4150-A090-7A4848E0E7E0}"
EndProject
Project("{FAE04EC0-301F-11D3-BF4B-00C04F79EFBC}") = "CradleHunter.Test", "test\CradleHunter.Test\CradleHunter.Test.csproj", "{DB3AB615-A834-433C-9E51-246B61D4123C}"
EndProject
Project("{9A19103F-16F7-4668-BE54-9A1E7A4F7556}") = "CradleHunter.Origin", "src\CradleHunter.Origin\CradleHunter.Origin.csproj", "{A7C4E264-184E-4132-BF0C-9A6067F44B15}"
EndProject
Project("{FAE04EC0-301F-11D3-BF4B-00C04F79EFBC}") = "CradleHunter.Hangfire", "src\CradleHunter.Hangfire\CradleHunter.Hangfire.csproj", "{1B2C75E7-C8FB-457B-82C6-B2AA5F185B93}"
EndProject
Global
	GlobalSection(SolutionConfigurationPlatforms) = preSolution
		Debug|Any CPU = Debug|Any CPU
		Release|Any CPU = Release|Any CPU
	EndGlobalSection
	GlobalSection(ProjectConfigurationPlatforms) = postSolution
		{4872F7F6-7BDA-447C-8CAC-4769C277DF93}.Debug|Any CPU.ActiveCfg = Debug|Any CPU
		{4872F7F6-7BDA-447C-8CAC-4769C277DF93}.Debug|Any CPU.Build.0 = Debug|Any CPU
		{4872F7F6-7BDA-447C-8CAC-4769C277DF93}.Release|Any CPU.ActiveCfg = Release|Any CPU
		{4872F7F6-7BDA-447C-8CAC-4769C277DF93}.Release|Any CPU.Build.0 = Release|Any CPU
		{CEE2FD8E-F18A-4150-A090-7A4848E0E7E0}.Debug|Any CPU.ActiveCfg = Debug|Any CPU
		{CEE2FD8E-F18A-4150-A090-7A4848E0E7E0}.Debug|Any CPU.Build.0 = Debug|Any CPU
		{CEE2FD8E-F18A-4150-A090-7A4848E0E7E0}.Release|Any CPU.ActiveCfg = Release|Any CPU
		{CEE2FD8E-F18A-4150-A090-7A4848E0E7E0}.Release|Any CPU.Build.0 = Release|Any CPU
		{DB3AB615-A834-433C-9E51-246B61D4123C}.Debug|Any CPU.ActiveCfg = Debug|Any CPU
		{DB3AB615-A834-433C-9E51-246B61D4123C}.Debug|Any CPU.Build.0 = Debug|Any CPU
		{DB3AB615-A834-433C-9E51-246B61D4123C}.Release|Any CPU.ActiveCfg = Release|Any CPU
		{DB3AB615-A834-433C-9E51-246B61D4123C}.Release|Any CPU.Build.0 = Release|Any CPU
		{A7C4E264-184E-4132-BF0C-9A6067F44B15}.Debug|Any CPU.ActiveCfg = Debug|Any CPU
		{A7C4E264-184E-4132-BF0C-9A6067F44B15}.Debug|Any CPU.Build.0 = Debug|Any CPU
		{A7C4E264-184E-4132-BF0C-9A6067F44B15}.Release|Any CPU.ActiveCfg = Release|Any CPU
		{A7C4E264-184E-4132-BF0C-9A6067F44B15}.Release|Any CPU.Build.0 = Release|Any CPU
		{1B2C75E7-C8FB-457B-82C6-B2AA5F185B93}.Debug|Any CPU.ActiveCfg = Debug|Any CPU
		{1B2C75E7-C8FB-457B-82C6-B2AA5F185B93}.Debug|Any CPU.Build.0 = Debug|Any CPU
		{1B2C75E7-C8FB-457B-82C6-B2AA5F185B93}.Release|Any CPU.ActiveCfg = Release|Any CPU
		{1B2C75E7-C8FB-457B-82C6-B2AA5F185B93}.Release|Any CPU.Build.0 = Release|Any CPU
	EndGlobalSection
	GlobalSection(SolutionProperties) = preSolution
		HideSolutionNode = FALSE
	EndGlobalSection
	GlobalSection(NestedProjects) = preSolution
		{4872F7F6-7BDA-447C-8CAC-4769C277DF93} = {ADEFB71D-E785-416B-A4C5-68386D587CE5}
		{CEE2FD8E-F18A-4150-A090-7A4848E0E7E0} = {ADEFB71D-E785-416B-A4C5-68386D587CE5}
		{DB3AB615-A834-433C-9E51-246B61D4123C} = {7D2FB20F-6559-45ED-BC0D-15364C378292}
		{A7C4E264-184E-4132-BF0C-9A6067F44B15} = {ADEFB71D-E785-416B-A4C5-68386D587CE5}
		{1B2C75E7-C8FB-457B-82C6-B2AA5F185B93} = {ADEFB71D-E785-416B-A4C5-68386D587CE5}
	EndGlobalSection
EndGlobal
